
Microsoft Visual Studio Solution File, Format Version 12.00
# Visual Studio Version 16
VisualStudioVersion = 16.0.31605.320
MinimumVisualStudioVersion = 10.0.40219.1
Project("{FAE04EC0-301F-11D3-BF4B-00C04F79EFBC}") = "KlinectApp.Android", "KlinectApp\KlinectApp.Android\KlinectApp.Android.csproj", "{390400BB-762F-4E03-9838-FDE0A90EAFAE}"
EndProject
Project("{FAE04EC0-301F-11D3-BF4B-00C04F79EFBC}") = "KlinectApp.iOS", "KlinectApp\KlinectApp.iOS\KlinectApp.iOS.csproj", "{296B7BF4-2E15-43A2-BFED-D62AAC04C75A}"
EndProject
Project("{FAE04EC0-301F-11D3-BF4B-00C04F79EFBC}") = "KlinectApp", "KlinectApp\KlinectApp\KlinectApp.csproj", "{9EB6CAF8-DA79-4C2B-B7FA-B659C9EA998E}"
EndProject
Project("{FAE04EC0-301F-11D3-BF4B-00C04F79EFBC}") = "Klinect.Api.Client", "Klinect.Api.Client\Klinect.Api.Client.csproj", "{6500C010-4705-4600-BD5B-5575934F0A3E}"
EndProject
Global
	GlobalSection(SolutionConfigurationPlatforms) = preSolution
		Debug|Any CPU = Debug|Any CPU
		Debug|iPhone = Debug|iPhone
		Debug|iPhoneSimulator = Debug|iPhoneSimulator
		Release|Any CPU = Release|Any CPU
		Release|iPhone = Release|iPhone
		Release|iPhoneSimulator = Release|iPhoneSimulator
	EndGlobalSection
	GlobalSection(ProjectConfigurationPlatforms) = postSolution
		{390400BB-762F-4E03-9838-FDE0A90EAFAE}.Debug|Any CPU.ActiveCfg = Debug|Any CPU
		{390400BB-762F-4E03-9838-FDE0A90EAFAE}.Debug|Any CPU.Build.0 = Debug|Any CPU
		{390400BB-762F-4E03-9838-FDE0A90EAFAE}.Debug|Any CPU.Deploy.0 = Debug|Any CPU
		{390400BB-762F-4E03-9838-FDE0A90EAFAE}.Debug|iPhone.ActiveCfg = Debug|Any CPU
		{390400BB-762F-4E03-9838-FDE0A90EAFAE}.Debug|iPhone.Build.0 = Debug|Any CPU
		{390400BB-762F-4E03-9838-FDE0A90EAFAE}.Debug|iPhone.Deploy.0 = Debug|Any CPU
		{390400BB-762F-4E03-9838-FDE0A90EAFAE}.Debug|iPhoneSimulator.ActiveCfg = Debug|Any CPU
		{390400BB-762F-4E03-9838-FDE0A90EAFAE}.Debug|iPhoneSimulator.Deploy.0 = Debug|Any CPU
		{390400BB-762F-4E03-9838-FDE0A90EAFAE}.Release|Any CPU.ActiveCfg = Release|Any CPU
		{390400BB-762F-4E03-9838-FDE0A90EAFAE}.Release|Any CPU.Build.0 = Release|Any CPU
		{390400BB-762F-4E03-9838-FDE0A90EAFAE}.Release|Any CPU.Deploy.0 = Release|Any CPU
		{390400BB-762F-4E03-9838-FDE0A90EAFAE}.Release|iPhone.ActiveCfg = Release|Any CPU
		{390400BB-762F-4E03-9838-FDE0A90EAFAE}.Release|iPhone.Build.0 = Release|Any CPU
		{390400BB-762F-4E03-9838-FDE0A90EAFAE}.Release|iPhone.Deploy.0 = Release|Any CPU
		{390400BB-762F-4E03-9838-FDE0A90EAFAE}.Release|iPhoneSimulator.ActiveCfg = Release|Any CPU
		{390400BB-762F-4E03-9838-FDE0A90EAFAE}.Release|iPhoneSimulator.Build.0 = Release|Any CPU
		{390400BB-762F-4E03-9838-FDE0A90EAFAE}.Release|iPhoneSimulator.Deploy.0 = Release|Any CPU
		{296B7BF4-2E15-43A2-BFED-D62AAC04C75A}.Debug|Any CPU.ActiveCfg = Debug|iPhone
		{296B7BF4-2E15-43A2-BFED-D62AAC04C75A}.Debug|Any CPU.Build.0 = Debug|iPhone
		{296B7BF4-2E15-43A2-BFED-D62AAC04C75A}.Debug|Any CPU.Deploy.0 = Debug|iPhone
		{296B7BF4-2E15-43A2-BFED-D62AAC04C75A}.Debug|iPhone.ActiveCfg = Debug|iPhone
		{296B7BF4-2E15-43A2-BFED-D62AAC04C75A}.Debug|iPhone.Build.0 = Debug|iPhone
		{296B7BF4-2E15-43A2-BFED-D62AAC04C75A}.Debug|iPhone.Deploy.0 = Debug|iPhone
		{296B7BF4-2E15-43A2-BFED-D62AAC04C75A}.Debug|iPhoneSimulator.ActiveCfg = Debug|iPhoneSimulator
		{296B7BF4-2E15-43A2-BFED-D62AAC04C75A}.Debug|iPhoneSimulator.Build.0 = Debug|iPhoneSimulator
		{296B7BF4-2E15-43A2-BFED-D62AAC04C75A}.Debug|iPhoneSimulator.Deploy.0 = Debug|iPhoneSimulator
		{296B7BF4-2E15-43A2-BFED-D62AAC04C75A}.Release|Any CPU.ActiveCfg = Release|iPhoneSimulator
		{296B7BF4-2E15-43A2-BFED-D62AAC04C75A}.Release|Any CPU.Build.0 = Release|iPhoneSimulator
		{296B7BF4-2E15-43A2-BFED-D62AAC04C75A}.Release|Any CPU.Deploy.0 = Release|iPhoneSimulator
		{296B7BF4-2E15-43A2-BFED-D62AAC04C75A}.Release|iPhone.ActiveCfg = Release|iPhone
		{296B7BF4-2E15-43A2-BFED-D62AAC04C75A}.Release|iPhone.Build.0 = Release|iPhone
		{296B7BF4-2E15-43A2-BFED-D62AAC04C75A}.Release|iPhone.Deploy.0 = Release|iPhone
		{296B7BF4-2E15-43A2-BFED-D62AAC04C75A}.Release|iPhoneSimulator.ActiveCfg = Release|iPhoneSimulator
		{296B7BF4-2E15-43A2-BFED-D62AAC04C75A}.Release|iPhoneSimulator.Build.0 = Release|iPhoneSimulator
		{296B7BF4-2E15-43A2-BFED-D62AAC04C75A}.Release|iPhoneSimulator.Deploy.0 = Release|iPhoneSimulator
		{9EB6CAF8-DA79-4C2B-B7FA-B659C9EA998E}.Debug|Any CPU.ActiveCfg = Debug|Any CPU
		{9EB6CAF8-DA79-4C2B-B7FA-B659C9EA998E}.Debug|Any CPU.Build.0 = Debug|Any CPU
		{9EB6CAF8-DA79-4C2B-B7FA-B659C9EA998E}.Debug|Any CPU.Deploy.0 = Debug|Any CPU
		{9EB6CAF8-DA79-4C2B-B7FA-B659C9EA998E}.Debug|iPhone.ActiveCfg = Debug|Any CPU
		{9EB6CAF8-DA79-4C2B-B7FA-B659C9EA998E}.Debug|iPhone.Build.0 = Debug|Any CPU
		{9EB6CAF8-DA79-4C2B-B7FA-B659C9EA998E}.Debug|iPhone.Deploy.0 = Debug|Any CPU
		{9EB6CAF8-DA79-4C2B-B7FA-B659C9EA998E}.Debug|iPhoneSimulator.ActiveCfg = Debug|Any CPU
		{9EB6CAF8-DA79-4C2B-B7FA-B659C9EA998E}.Debug|iPhoneSimulator.Build.0 = Debug|Any CPU
		{9EB6CAF8-DA79-4C2B-B7FA-B659C9EA998E}.Debug|iPhoneSimulator.Deploy.0 = Debug|Any CPU
		{9EB6CAF8-DA79-4C2B-B7FA-B659C9EA998E}.Release|Any CPU.ActiveCfg = Release|Any CPU
		{9EB6CAF8-DA79-4C2B-B7FA-B659C9EA998E}.Release|Any CPU.Build.0 = Release|Any CPU
		{9EB6CAF8-DA79-4C2B-B7FA-B659C9EA998E}.Release|Any CPU.Deploy.0 = Release|Any CPU
		{9EB6CAF8-DA79-4C2B-B7FA-B659C9EA998E}.Release|iPhone.ActiveCfg = Release|Any CPU
		{9EB6CAF8-DA79-4C2B-B7FA-B659C9EA998E}.Release|iPhone.Build.0 = Release|Any CPU
		{9EB6CAF8-DA79-4C2B-B7FA-B659C9EA998E}.Release|iPhone.Deploy.0 = Release|Any CPU
		{9EB6CAF8-DA79-4C2B-B7FA-B659C9EA998E}.Release|iPhoneSimulator.ActiveCfg = Release|Any CPU
		{9EB6CAF8-DA79-4C2B-B7FA-B659C9EA998E}.Release|iPhoneSimulator.Build.0 = Release|Any CPU
		{9EB6CAF8-DA79-4C2B-B7FA-B659C9EA998E}.Release|iPhoneSimulator.Deploy.0 = Release|Any CPU
		{6500C010-4705-4600-BD5B-5575934F0A3E}.Debug|Any CPU.ActiveCfg = Debug|Any CPU
		{6500C010-4705-4600-BD5B-5575934F0A3E}.Debug|Any CPU.Build.0 = Debug|Any CPU
		{6500C010-4705-4600-BD5B-5575934F0A3E}.Debug|iPhone.ActiveCfg = Debug|Any CPU
		{6500C010-4705-4600-BD5B-5575934F0A3E}.Debug|iPhone.Build.0 = Debug|Any CPU
		{6500C010-4705-4600-BD5B-5575934F0A3E}.Debug|iPhoneSimulator.ActiveCfg = Debug|Any CPU
		{6500C010-4705-4600-BD5B-5575934F0A3E}.Debug|iPhoneSimulator.Build.0 = Debug|Any CPU
		{6500C010-4705-4600-BD5B-5575934F0A3E}.Release|Any CPU.ActiveCfg = Release|Any CPU
		{6500C010-4705-4600-BD5B-5575934F0A3E}.Release|Any CPU.Build.0 = Release|Any CPU
		{6500C010-4705-4600-BD5B-5575934F0A3E}.Release|iPhone.ActiveCfg = Release|Any CPU
		{6500C010-4705-4600-BD5B-5575934F0A3E}.Release|iPhone.Build.0 = Release|Any CPU
		{6500C010-4705-4600-BD5B-5575934F0A3E}.Release|iPhoneSimulator.ActiveCfg = Release|Any CPU
		{6500C010-4705-4600-BD5B-5575934F0A3E}.Release|iPhoneSimulator.Build.0 = Release|Any CPU
	EndGlobalSection
	GlobalSection(SolutionProperties) = preSolution
		HideSolutionNode = FALSE
	EndGlobalSection
	GlobalSection(ExtensibilityGlobals) = postSolution
		SolutionGuid = {A73DC1B7-8D38-468B-8128-A780BE09EAE1}
	EndGlobalSection
EndGlobal
